
Microsoft Visual Studio Solution File, Format Version 12.00
# Visual Studio 15
VisualStudioVersion = 15.0.27703.2042
MinimumVisualStudioVersion = 10.0.40219.1
Project("{FAE04EC0-301F-11D3-BF4B-00C04F79EFBC}") = "Sogeti.Employee.Service.Api", "Sogeti.Employee.Service.Api\Sogeti.Employee.Service.Api.csproj", "{260B3C56-2BAE-42BF-91D0-B327339F08B7}"
EndProject
Project("{FAE04EC0-301F-11D3-BF4B-00C04F79EFBC}") = "Sogeti.Employee.Service.Core", "Sogeti.Employee.Service.Core\Sogeti.Employee.Service.Core.csproj", "{08364E14-AF92-4D32-8897-ABDE77959C83}"
EndProject
Project("{FAE04EC0-301F-11D3-BF4B-00C04F79EFBC}") = "Sogeti.Employee.Service.Data", "Sogeti.Employee.Service.Data\Sogeti.Employee.Service.Data.csproj", "{A6E8E3B3-E40E-4E46-BFBD-E557E054957B}"
EndProject
Project("{FAE04EC0-301F-11D3-BF4B-00C04F79EFBC}") = "Sogeti.Employee.Service.DomainModels", "Sogeti.Employee.Service.DomainModels\Sogeti.Employee.Service.DomainModels.csproj", "{4CD224D8-0EB9-4E1A-8C56-FC24F3AEF58F}"
EndProject
Project("{FAE04EC0-301F-11D3-BF4B-00C04F79EFBC}") = "Sogeti.Employee.Service.Dto", "Sogeti.Employee.Service.Dto\Sogeti.Employee.Service.Dto.csproj", "{6C7B6C5A-9265-47CF-A8D9-85524AE246CE}"
EndProject
Project("{FAE04EC0-301F-11D3-BF4B-00C04F79EFBC}") = "Sogeti.Employee.Service.UnitTests", "Sogeti.Employee.Service.UnitTests\Sogeti.Employee.Service.UnitTests.csproj", "{599012D3-A762-4439-AD61-F30294719CC5}"
EndProject
Global
	GlobalSection(SolutionConfigurationPlatforms) = preSolution
		Debug|Any CPU = Debug|Any CPU
		Release|Any CPU = Release|Any CPU
	EndGlobalSection
	GlobalSection(ProjectConfigurationPlatforms) = postSolution
		{260B3C56-2BAE-42BF-91D0-B327339F08B7}.Debug|Any CPU.ActiveCfg = Debug|Any CPU
		{260B3C56-2BAE-42BF-91D0-B327339F08B7}.Debug|Any CPU.Build.0 = Debug|Any CPU
		{260B3C56-2BAE-42BF-91D0-B327339F08B7}.Release|Any CPU.ActiveCfg = Release|Any CPU
		{260B3C56-2BAE-42BF-91D0-B327339F08B7}.Release|Any CPU.Build.0 = Release|Any CPU
		{08364E14-AF92-4D32-8897-ABDE77959C83}.Debug|Any CPU.ActiveCfg = Debug|Any CPU
		{08364E14-AF92-4D32-8897-ABDE77959C83}.Debug|Any CPU.Build.0 = Debug|Any CPU
		{08364E14-AF92-4D32-8897-ABDE77959C83}.Release|Any CPU.ActiveCfg = Release|Any CPU
		{08364E14-AF92-4D32-8897-ABDE77959C83}.Release|Any CPU.Build.0 = Release|Any CPU
		{A6E8E3B3-E40E-4E46-BFBD-E557E054957B}.Debug|Any CPU.ActiveCfg = Debug|Any CPU
		{A6E8E3B3-E40E-4E46-BFBD-E557E054957B}.Debug|Any CPU.Build.0 = Debug|Any CPU
		{A6E8E3B3-E40E-4E46-BFBD-E557E054957B}.Release|Any CPU.ActiveCfg = Release|Any CPU
		{A6E8E3B3-E40E-4E46-BFBD-E557E054957B}.Release|Any CPU.Build.0 = Release|Any CPU
		{4CD224D8-0EB9-4E1A-8C56-FC24F3AEF58F}.Debug|Any CPU.ActiveCfg = Debug|Any CPU
		{4CD224D8-0EB9-4E1A-8C56-FC24F3AEF58F}.Debug|Any CPU.Build.0 = Debug|Any CPU
		{4CD224D8-0EB9-4E1A-8C56-FC24F3AEF58F}.Release|Any CPU.ActiveCfg = Release|Any CPU
		{4CD224D8-0EB9-4E1A-8C56-FC24F3AEF58F}.Release|Any CPU.Build.0 = Release|Any CPU
		{6C7B6C5A-9265-47CF-A8D9-85524AE246CE}.Debug|Any CPU.ActiveCfg = Debug|Any CPU
		{6C7B6C5A-9265-47CF-A8D9-85524AE246CE}.Debug|Any CPU.Build.0 = Debug|Any CPU
		{6C7B6C5A-9265-47CF-A8D9-85524AE246CE}.Release|Any CPU.ActiveCfg = Release|Any CPU
		{6C7B6C5A-9265-47CF-A8D9-85524AE246CE}.Release|Any CPU.Build.0 = Release|Any CPU
		{599012D3-A762-4439-AD61-F30294719CC5}.Debug|Any CPU.ActiveCfg = Debug|Any CPU
		{599012D3-A762-4439-AD61-F30294719CC5}.Debug|Any CPU.Build.0 = Debug|Any CPU
		{599012D3-A762-4439-AD61-F30294719CC5}.Release|Any CPU.ActiveCfg = Release|Any CPU
		{599012D3-A762-4439-AD61-F30294719CC5}.Release|Any CPU.Build.0 = Release|Any CPU
	EndGlobalSection
	GlobalSection(SolutionProperties) = preSolution
		HideSolutionNode = FALSE
	EndGlobalSection
	GlobalSection(ExtensibilityGlobals) = postSolution
		SolutionGuid = {2BA4AB9D-BD5B-4122-8426-FB552B72CB6D}
	EndGlobalSection
EndGlobal
